{
    "_readme": [
        "This file locks the dependencies of your project to a known state",
        "Read more about it at https://getcomposer.org/doc/01-basic-usage.md#composer-lock-the-lock-file",
        "This file is @generated automatically"
    ],
    "hash": "d57ab2676ba7a8f15810357bc3062e3c",
    "content-hash": "372ccc5cec6da6842385cfa54eda392f",
    "packages": [
        {
            "name": "smalldb/flupdo",
            "version": "dev-master",
            "source": {
                "type": "git",
                "url": "git@git.frozen-doe.net:smalldb/flupdo.git",
                "reference": "ca8b29310ed3305f42fdfc165b6489e94f92cbd7"
            },
            "require": {
                "ext-pdo": "*",
                "php": ">=5.4"
            },
            "require-dev": {
                "smalldb/doc-tools": "dev-master"
            },
            "suggest": {
                "ext-pdo_mysql": "MySQL driver for PDO",
                "ext-pdo_sqlite": "Sqlite driver for PDO"
            },
            "type": "library",
            "autoload": {
                "psr-4": {
                    "Smalldb\\Flupdo\\": "class/"
                }
            },
            "license": [
                "Apache-2.0"
            ],
            "authors": [
                {
                    "name": "Josef Kufner",
                    "email": "josef@kufner.cz"
                }
            ],
            "description": "Flupdo: A simple and fully featured fluent query builder",
            "time": "2016-06-08 11:54:20"
        },
        {
            "name": "smalldb/libsmalldb",
            "version": "dev-master",
            "source": {
                "type": "git",
                "url": "git@git.frozen-doe.net:smalldb/libsmalldb.git",
                "reference": "4f20fe827b6bbefa8ac0d3a4b26c87b83af579d6"
            },
            "require": {
                "php": ">=5.4"
            },
            "require-dev": {
                "smalldb/doc-tools": "dev-master"
            },
            "suggest": {
                "smalldb/flupdo": "SQL database support"
            },
            "type": "library",
            "autoload": {
                "psr-4": {
                    "Smalldb\\StateMachine\\": "class/"
                }
            },
            "license": [
                "Apache-2.0"
            ],
            "authors": [
                {
                    "name": "Josef Kufner",
                    "email": "josef@kufner.cz"
                }
            ],
            "description": "Smalldb: State machine abstraction layer",
            "time": "2016-06-08 12:04:52"
        }
    ],
    "packages-dev": [
        {
            "name": "cascade/doc-tools",
            "version": "dev-master",
            "source": {
                "type": "git",
                "url": "git@git.frozen-doe.net:cascade/doc-tools.git",
                "reference": "e8e20ca5de8b3bc54360aafd7c240a4daae3aec8"
            },
            "type": "library",
            "license": [
                "Apache-2.0"
            ],
            "authors": [
                {
                    "name": "Josef Kufner",
                    "email": "josef@kufner.cz"
                }
            ],
            "description": "Cascade documentation tools",
            "time": "2016-05-04 11:08:48"
        }
    ],
    "aliases": [],
    "minimum-stability": "dev",
    "stability-flags": {
        "smalldb/libsmalldb": 20,
        "smalldb/flupdo": 20,
        "cascade/doc-tools": 20
    },
    "prefer-stable": true,
    "prefer-lowest": false,
    "platform": [],
    "platform-dev": []
}
