{
    "_readme": [
        "This file locks the dependencies of your project to a known state",
        "Read more about it at https://getcomposer.org/doc/01-basic-usage.md#composer-lock-the-lock-file",
        "This file is @generated automatically"
    ],
    "hash": "124d27a72dae4273bce3e80895a843d5",
    "content-hash": "eb8cf48688b0eac521a7e9a5843778e4",
    "packages": [
        {
            "name": "cascade/libsmalldb",
            "version": "dev-master",
            "source": {
                "type": "git",
                "url": "git@git.frozen-doe.net:cascade/libsmalldb.git",
                "reference": "6ec136c1fd5b10e7c66ac947d1948fe41ae0a71b"
            },
            "require": {
                "php": ">=5.4"
            },
            "require-dev": {
                "cascade/doc-tools": "dev-master"
            },
            "suggest": {
                "flupdo/flupdo": "SQL database support"
            },
            "type": "library",
            "autoload": {
                "psr-4": {
                    "Smalldb\\StateMachine\\": "class/"
                }
            },
            "license": [
                "Apache-2.0"
            ],
            "authors": [
                {
                    "name": "Josef Kufner",
                    "email": "josef@kufner.cz"
                }
            ],
            "description": "Smalldb: State machine abstraction layer",
            "time": "2016-05-04 11:37:28"
        },
        {
            "name": "flupdo/flupdo",
            "version": "dev-master",
            "source": {
                "type": "git",
                "url": "git@git.frozen-doe.net:cascade/flupdo.git",
                "reference": "ad1efc97c276e773b022f7e0f975f544c705558b"
            },
            "require": {
                "ext-pdo": "*",
                "php": ">=5.4"
            },
            "suggest": {
                "ext-pdo_mysql": "MySQL driver for PDO",
                "ext-pdo_sqlite": "Sqlite driver for PDO"
            },
            "type": "library",
            "autoload": {
                "psr-4": {
                    "Flupdo\\Flupdo\\": "class/"
                }
            },
            "license": [
                "Apache-2.0"
            ],
            "authors": [
                {
                    "name": "Josef Kufner",
                    "email": "jk@frozen-doe.net"
                }
            ],
            "description": "Flupdo: Simple and fully featured fluent query builder",
            "time": "2015-11-26 02:24:19"
        }
    ],
    "packages-dev": [
        {
            "name": "cascade/doc-tools",
            "version": "dev-master",
            "source": {
                "type": "git",
                "url": "git@git.frozen-doe.net:cascade/doc-tools.git",
                "reference": "e8e20ca5de8b3bc54360aafd7c240a4daae3aec8"
            },
            "type": "library",
            "license": [
                "Apache-2.0"
            ],
            "authors": [
                {
                    "name": "Josef Kufner",
                    "email": "josef@kufner.cz"
                }
            ],
            "description": "Cascade documentation tools",
            "time": "2016-05-04 11:08:48"
        }
    ],
    "aliases": [],
    "minimum-stability": "dev",
    "stability-flags": {
        "cascade/libsmalldb": 20,
        "flupdo/flupdo": 20,
        "cascade/doc-tools": 20
    },
    "prefer-stable": true,
    "prefer-lowest": false,
    "platform": [],
    "platform-dev": []
}
